// !$*UTF8*$!
{
	archiveVersion = 1;
	classes = {
	};
	objectVersion = 46;
	objects = {

/* Begin PBXBuildFile section */
		465EB94615B9852600A4C9D6 /* UIKit.framework in Frameworks */ = {isa = PBXBuildFile; fileRef = 465EB94515B9852600A4C9D6 /* UIKit.framework */; };
		465EB94815B9852600A4C9D6 /* Foundation.framework in Frameworks */ = {isa = PBXBuildFile; fileRef = 465EB94715B9852600A4C9D6 /* Foundation.framework */; };
		465EB94A15B9852600A4C9D6 /* CoreGraphics.framework in Frameworks */ = {isa = PBXBuildFile; fileRef = 465EB94915B9852600A4C9D6 /* CoreGraphics.framework */; };
		465EB95015B9852600A4C9D6 /* InfoPlist.strings in Resources */ = {isa = PBXBuildFile; fileRef = 465EB94E15B9852600A4C9D6 /* InfoPlist.strings */; };
		465EB95215B9852600A4C9D6 /* main.m in Sources */ = {isa = PBXBuildFile; fileRef = 465EB95115B9852600A4C9D6 /* main.m */; settings = {COMPILER_FLAGS = "-fno-objc-arc"; }; };
		465EB95615B9852600A4C9D6 /* AppDelegate.m in Sources */ = {isa = PBXBuildFile; fileRef = 465EB95515B9852600A4C9D6 /* AppDelegate.m */; settings = {COMPILER_FLAGS = "-fno-objc-arc"; }; };
		465EB97415B9885C00A4C9D6 /* AddBookmarkViewController.m in Sources */ = {isa = PBXBuildFile; fileRef = 465EB96415B9885C00A4C9D6 /* AddBookmarkViewController.m */; settings = {COMPILER_FLAGS = "-fno-objc-arc"; }; };
		465EB97515B9885C00A4C9D6 /* BookmarkObject.m in Sources */ = {isa = PBXBuildFile; fileRef = 465EB96615B9885C00A4C9D6 /* BookmarkObject.m */; settings = {COMPILER_FLAGS = "-fno-objc-arc"; }; };
		465EB97615B9885C00A4C9D6 /* CIALBrowser.bundle in Resources */ = {isa = PBXBuildFile; fileRef = 465EB96715B9885C00A4C9D6 /* CIALBrowser.bundle */; };
		465EB97715B9885C00A4C9D6 /* CIALBrowser.m in Sources */ = {isa = PBXBuildFile; fileRef = 465EB96915B9885C00A4C9D6 /* CIALBrowser.m */; settings = {COMPILER_FLAGS = "-fno-objc-arc"; }; };
		465EB97815B9885C00A4C9D6 /* CIALBrowserViewController.m in Sources */ = {isa = PBXBuildFile; fileRef = 465EB96B15B9885C00A4C9D6 /* CIALBrowserViewController.m */; settings = {COMPILER_FLAGS = "-fno-objc-arc"; }; };
		465EB97915B9885C00A4C9D6 /* EditBookmarkViewController.m in Sources */ = {isa = PBXBuildFile; fileRef = 465EB96D15B9885C00A4C9D6 /* EditBookmarkViewController.m */; settings = {COMPILER_FLAGS = "-fno-objc-arc"; }; };
		465EB97A15B9885C00A4C9D6 /* UIWebViewAdditions.m in Sources */ = {isa = PBXBuildFile; fileRef = 465EB96F15B9885C00A4C9D6 /* UIWebViewAdditions.m */; };
		465EB97B15B9885C00A4C9D6 /* UnpreventableUILongPressGestureRecognizer.m in Sources */ = {isa = PBXBuildFile; fileRef = 465EB97115B9885C00A4C9D6 /* UnpreventableUILongPressGestureRecognizer.m */; };
		465EB97C15B9885C00A4C9D6 /* ViewBookmarkViewController.m in Sources */ = {isa = PBXBuildFile; fileRef = 465EB97315B9885C00A4C9D6 /* ViewBookmarkViewController.m */; settings = {COMPILER_FLAGS = "-fno-objc-arc"; }; };
		465EB98215B988D000A4C9D6 /* MessageUI.framework in Frameworks */ = {isa = PBXBuildFile; fileRef = 465EB98115B988D000A4C9D6 /* MessageUI.framework */; };
/* End PBXBuildFile section */

/* Begin PBXFileReference section */
		465EB94115B9852600A4C9D6 /* TFBrowser.app */ = {isa = PBXFileReference; explicitFileType = wrapper.application; includeInIndex = 0; path = TFBrowser.app; sourceTree = BUILT_PRODUCTS_DIR; };
		465EB94515B9852600A4C9D6 /* UIKit.framework */ = {isa = PBXFileReference; lastKnownFileType = wrapper.framework; name = UIKit.framework; path = System/Library/Frameworks/UIKit.framework; sourceTree = SDKROOT; };
		465EB94715B9852600A4C9D6 /* Foundation.framework */ = {isa = PBXFileReference; lastKnownFileType = wrapper.framework; name = Foundation.framework; path = System/Library/Frameworks/Foundation.framework; sourceTree = SDKROOT; };
		465EB94915B9852600A4C9D6 /* CoreGraphics.framework */ = {isa = PBXFileReference; lastKnownFileType = wrapper.framework; name = CoreGraphics.framework; path = System/Library/Frameworks/CoreGraphics.framework; sourceTree = SDKROOT; };
		465EB94D15B9852600A4C9D6 /* TFBrowser-Info.plist */ = {isa = PBXFileReference; lastKnownFileType = text.plist.xml; path = "TFBrowser-Info.plist"; sourceTree = "<group>"; };
		465EB94F15B9852600A4C9D6 /* en */ = {isa = PBXFileReference; lastKnownFileType = text.plist.strings; name = en; path = en.lproj/InfoPlist.strings; sourceTree = "<group>"; };
		465EB95115B9852600A4C9D6 /* main.m */ = {isa = PBXFileReference; lastKnownFileType = sourcecode.c.objc; path = main.m; sourceTree = "<group>"; };
		465EB95315B9852600A4C9D6 /* TFBrowser-Prefix.pch */ = {isa = PBXFileReference; lastKnownFileType = sourcecode.c.h; path = "TFBrowser-Prefix.pch"; sourceTree = "<group>"; };
		465EB95415B9852600A4C9D6 /* AppDelegate.h */ = {isa = PBXFileReference; lastKnownFileType = sourcecode.c.h; path = AppDelegate.h; sourceTree = "<group>"; };
		465EB95515B9852600A4C9D6 /* AppDelegate.m */ = {isa = PBXFileReference; lastKnownFileType = sourcecode.c.objc; path = AppDelegate.m; sourceTree = "<group>"; };
		465EB96315B9885C00A4C9D6 /* AddBookmarkViewController.h */ = {isa = PBXFileReference; fileEncoding = 4; lastKnownFileType = sourcecode.c.h; path = AddBookmarkViewController.h; sourceTree = "<group>"; };
		465EB96415B9885C00A4C9D6 /* AddBookmarkViewController.m */ = {isa = PBXFileReference; fileEncoding = 4; lastKnownFileType = sourcecode.c.objc; path = AddBookmarkViewController.m; sourceTree = "<group>"; };
		465EB96515B9885C00A4C9D6 /* BookmarkObject.h */ = {isa = PBXFileReference; fileEncoding = 4; lastKnownFileType = sourcecode.c.h; path = BookmarkObject.h; sourceTree = "<group>"; };
		465EB96615B9885C00A4C9D6 /* BookmarkObject.m */ = {isa = PBXFileReference; fileEncoding = 4; lastKnownFileType = sourcecode.c.objc; path = BookmarkObject.m; sourceTree = "<group>"; };
		465EB96715B9885C00A4C9D6 /* CIALBrowser.bundle */ = {isa = PBXFileReference; lastKnownFileType = "wrapper.plug-in"; path = CIALBrowser.bundle; sourceTree = "<group>"; };
		465EB96815B9885C00A4C9D6 /* CIALBrowser.h */ = {isa = PBXFileReference; fileEncoding = 4; lastKnownFileType = sourcecode.c.h; path = CIALBrowser.h; sourceTree = "<group>"; };
		465EB96915B9885C00A4C9D6 /* CIALBrowser.m */ = {isa = PBXFileReference; fileEncoding = 4; lastKnownFileType = sourcecode.c.objc; path = CIALBrowser.m; sourceTree = "<group>"; };
		465EB96A15B9885C00A4C9D6 /* CIALBrowserViewController.h */ = {isa = PBXFileReference; fileEncoding = 4; lastKnownFileType = sourcecode.c.h; path = CIALBrowserViewController.h; sourceTree = "<group>"; };
		465EB96B15B9885C00A4C9D6 /* CIALBrowserViewController.m */ = {isa = PBXFileReference; fileEncoding = 4; lastKnownFileType = sourcecode.c.objc; path = CIALBrowserViewController.m; sourceTree = "<group>"; };
		465EB96C15B9885C00A4C9D6 /* EditBookmarkViewController.h */ = {isa = PBXFileReference; fileEncoding = 4; lastKnownFileType = sourcecode.c.h; path = EditBookmarkViewController.h; sourceTree = "<group>"; };
		465EB96D15B9885C00A4C9D6 /* EditBookmarkViewController.m */ = {isa = PBXFileReference; fileEncoding = 4; lastKnownFileType = sourcecode.c.objc; path = EditBookmarkViewController.m; sourceTree = "<group>"; };
		465EB96E15B9885C00A4C9D6 /* UIWebViewAdditions.h */ = {isa = PBXFileReference; fileEncoding = 4; lastKnownFileType = sourcecode.c.h; path = UIWebViewAdditions.h; sourceTree = "<group>"; };
		465EB96F15B9885C00A4C9D6 /* UIWebViewAdditions.m */ = {isa = PBXFileReference; fileEncoding = 4; lastKnownFileType = sourcecode.c.objc; path = UIWebViewAdditions.m; sourceTree = "<group>"; };
		465EB97015B9885C00A4C9D6 /* UnpreventableUILongPressGestureRecognizer.h */ = {isa = PBXFileReference; fileEncoding = 4; lastKnownFileType = sourcecode.c.h; path = UnpreventableUILongPressGestureRecognizer.h; sourceTree = "<group>"; };
		465EB97115B9885C00A4C9D6 /* UnpreventableUILongPressGestureRecognizer.m */ = {isa = PBXFileReference; fileEncoding = 4; lastKnownFileType = sourcecode.c.objc; path = UnpreventableUILongPressGestureRecognizer.m; sourceTree = "<group>"; };
		465EB97215B9885C00A4C9D6 /* ViewBookmarkViewController.h */ = {isa = PBXFileReference; fileEncoding = 4; lastKnownFileType = sourcecode.c.h; path = ViewBookmarkViewController.h; sourceTree = "<group>"; };
		465EB97315B9885C00A4C9D6 /* ViewBookmarkViewController.m */ = {isa = PBXFileReference; fileEncoding = 4; lastKnownFileType = sourcecode.c.objc; path = ViewBookmarkViewController.m; sourceTree = "<group>"; };
		465EB98115B988D000A4C9D6 /* MessageUI.framework */ = {isa = PBXFileReference; lastKnownFileType = wrapper.framework; name = MessageUI.framework; path = System/Library/Frameworks/MessageUI.framework; sourceTree = SDKROOT; };
/* End PBXFileReference section */

/* Begin PBXFrameworksBuildPhase section */
		465EB93E15B9852600A4C9D6 /* Frameworks */ = {
			isa = PBXFrameworksBuildPhase;
			buildActionMask = 2147483647;
			files = (
				465EB98215B988D000A4C9D6 /* MessageUI.framework in Frameworks */,
				465EB94615B9852600A4C9D6 /* UIKit.framework in Frameworks */,
				465EB94815B9852600A4C9D6 /* Foundation.framework in Frameworks */,
				465EB94A15B9852600A4C9D6 /* CoreGraphics.framework in Frameworks */,
			);
			runOnlyForDeploymentPostprocessing = 0;
		};
/* End PBXFrameworksBuildPhase section */

/* Begin PBXGroup section */
		465EB93615B9852600A4C9D6 = {
			isa = PBXGroup;
			children = (
				465EB94B15B9852600A4C9D6 /* TFBrowser */,
				465EB96015B9883A00A4C9D6 /* vendors */,
				465EB94415B9852600A4C9D6 /* Frameworks */,
				465EB94215B9852600A4C9D6 /* Products */,
			);
			sourceTree = "<group>";
		};
		465EB94215B9852600A4C9D6 /* Products */ = {
			isa = PBXGroup;
			children = (
				465EB94115B9852600A4C9D6 /* TFBrowser.app */,
			);
			name = Products;
			sourceTree = "<group>";
		};
		465EB94415B9852600A4C9D6 /* Frameworks */ = {
			isa = PBXGroup;
			children = (
				465EB98115B988D000A4C9D6 /* MessageUI.framework */,
				465EB94515B9852600A4C9D6 /* UIKit.framework */,
				465EB94715B9852600A4C9D6 /* Foundation.framework */,
				465EB94915B9852600A4C9D6 /* CoreGraphics.framework */,
			);
			name = Frameworks;
			sourceTree = "<group>";
		};
		465EB94B15B9852600A4C9D6 /* TFBrowser */ = {
			isa = PBXGroup;
			children = (
				465EB95415B9852600A4C9D6 /* AppDelegate.h */,
				465EB95515B9852600A4C9D6 /* AppDelegate.m */,
				465EB94C15B9852600A4C9D6 /* Supporting Files */,
			);
			path = TFBrowser;
			sourceTree = "<group>";
		};
		465EB94C15B9852600A4C9D6 /* Supporting Files */ = {
			isa = PBXGroup;
			children = (
				465EB94D15B9852600A4C9D6 /* TFBrowser-Info.plist */,
				465EB94E15B9852600A4C9D6 /* InfoPlist.strings */,
				465EB95115B9852600A4C9D6 /* main.m */,
				465EB95315B9852600A4C9D6 /* TFBrowser-Prefix.pch */,
			);
			name = "Supporting Files";
			sourceTree = "<group>";
		};
		465EB96015B9883A00A4C9D6 /* vendors */ = {
			isa = PBXGroup;
			children = (
				465EB96215B9885C00A4C9D6 /* CIALBrowser */,
			);
			name = vendors;
			sourceTree = "<group>";
		};
		465EB96215B9885C00A4C9D6 /* CIALBrowser */ = {
			isa = PBXGroup;
			children = (
				465EB96315B9885C00A4C9D6 /* AddBookmarkViewController.h */,
				465EB96415B9885C00A4C9D6 /* AddBookmarkViewController.m */,
				465EB96515B9885C00A4C9D6 /* BookmarkObject.h */,
				465EB96615B9885C00A4C9D6 /* BookmarkObject.m */,
				465EB96715B9885C00A4C9D6 /* CIALBrowser.bundle */,
				465EB96815B9885C00A4C9D6 /* CIALBrowser.h */,
				465EB96915B9885C00A4C9D6 /* CIALBrowser.m */,
				465EB96A15B9885C00A4C9D6 /* CIALBrowserViewController.h */,
				465EB96B15B9885C00A4C9D6 /* CIALBrowserViewController.m */,
				465EB96C15B9885C00A4C9D6 /* EditBookmarkViewController.h */,
				465EB96D15B9885C00A4C9D6 /* EditBookmarkViewController.m */,
				465EB96E15B9885C00A4C9D6 /* UIWebViewAdditions.h */,
				465EB96F15B9885C00A4C9D6 /* UIWebViewAdditions.m */,
				465EB97015B9885C00A4C9D6 /* UnpreventableUILongPressGestureRecognizer.h */,
				465EB97115B9885C00A4C9D6 /* UnpreventableUILongPressGestureRecognizer.m */,
				465EB97215B9885C00A4C9D6 /* ViewBookmarkViewController.h */,
				465EB97315B9885C00A4C9D6 /* ViewBookmarkViewController.m */,
			);
			name = CIALBrowser;
			path = vendors/CIALBrowser/CIALBrowser;
			sourceTree = "<group>";
		};
/* End PBXGroup section */

/* Begin PBXNativeTarget section */
		465EB94015B9852600A4C9D6 /* TFBrowser */ = {
			isa = PBXNativeTarget;
			buildConfigurationList = 465EB95915B9852600A4C9D6 /* Build configuration list for PBXNativeTarget "TFBrowser" */;
			buildPhases = (
				465EB93D15B9852600A4C9D6 /* Sources */,
				465EB93E15B9852600A4C9D6 /* Frameworks */,
				465EB93F15B9852600A4C9D6 /* Resources */,
			);
			buildRules = (
			);
			dependencies = (
			);
			name = TFBrowser;
			productName = TFBrowser;
			productReference = 465EB94115B9852600A4C9D6 /* TFBrowser.app */;
			productType = "com.apple.product-type.application";
		};
/* End PBXNativeTarget section */

/* Begin PBXProject section */
		465EB93815B9852600A4C9D6 /* Project object */ = {
			isa = PBXProject;
			attributes = {
				LastUpgradeCheck = 0430;
				ORGANIZATIONNAME = "ITO SOFT DESIGN Inc.";
			};
			buildConfigurationList = 465EB93B15B9852600A4C9D6 /* Build configuration list for PBXProject "TFBrowser" */;
			compatibilityVersion = "Xcode 3.2";
			developmentRegion = English;
			hasScannedForEncodings = 0;
			knownRegions = (
				en,
			);
			mainGroup = 465EB93615B9852600A4C9D6;
			productRefGroup = 465EB94215B9852600A4C9D6 /* Products */;
			projectDirPath = "";
			projectRoot = "";
			targets = (
				465EB94015B9852600A4C9D6 /* TFBrowser */,
			);
		};
/* End PBXProject section */

/* Begin PBXResourcesBuildPhase section */
		465EB93F15B9852600A4C9D6 /* Resources */ = {
			isa = PBXResourcesBuildPhase;
			buildActionMask = 2147483647;
			files = (
				465EB95015B9852600A4C9D6 /* InfoPlist.strings in Resources */,
				465EB97615B9885C00A4C9D6 /* CIALBrowser.bundle in Resources */,
			);
			runOnlyForDeploymentPostprocessing = 0;
		};
/* End PBXResourcesBuildPhase section */

/* Begin PBXSourcesBuildPhase section */
		465EB93D15B9852600A4C9D6 /* Sources */ = {
			isa = PBXSourcesBuildPhase;
			buildActionMask = 2147483647;
			files = (
				465EB95215B9852600A4C9D6 /* main.m in Sources */,
				465EB95615B9852600A4C9D6 /* AppDelegate.m in Sources */,
				465EB97415B9885C00A4C9D6 /* AddBookmarkViewController.m in Sources */,
				465EB97515B9885C00A4C9D6 /* BookmarkObject.m in Sources */,
				465EB97715B9885C00A4C9D6 /* CIALBrowser.m in Sources */,
				465EB97815B9885C00A4C9D6 /* CIALBrowserViewController.m in Sources */,
				465EB97915B9885C00A4C9D6 /* EditBookmarkViewController.m in Sources */,
				465EB97A15B9885C00A4C9D6 /* UIWebViewAdditions.m in Sources */,
				465EB97B15B9885C00A4C9D6 /* UnpreventableUILongPressGestureRecognizer.m in Sources */,
				465EB97C15B9885C00A4C9D6 /* ViewBookmarkViewController.m in Sources */,
			);
			runOnlyForDeploymentPostprocessing = 0;
		};
/* End PBXSourcesBuildPhase section */

/* Begin PBXVariantGroup section */
		465EB94E15B9852600A4C9D6 /* InfoPlist.strings */ = {
			isa = PBXVariantGroup;
			children = (
				465EB94F15B9852600A4C9D6 /* en */,
			);
			name = InfoPlist.strings;
			sourceTree = "<group>";
		};
/* End PBXVariantGroup section */

/* Begin XCBuildConfiguration section */
		465EB95715B9852600A4C9D6 /* Debug */ = {
			isa = XCBuildConfiguration;
			buildSettings = {
				ALWAYS_SEARCH_USER_PATHS = NO;
				ARCHS = "$(ARCHS_STANDARD_32_BIT)";
				CLANG_ENABLE_OBJC_ARC = YES;
				"CODE_SIGN_IDENTITY[sdk=iphoneos*]" = "iPhone Developer";
				COPY_PHASE_STRIP = NO;
				GCC_C_LANGUAGE_STANDARD = gnu99;
				GCC_DYNAMIC_NO_PIC = NO;
				GCC_OPTIMIZATION_LEVEL = 0;
				GCC_PREPROCESSOR_DEFINITIONS = (
					"DEBUG=1",
					"$(inherited)",
				);
				GCC_SYMBOLS_PRIVATE_EXTERN = NO;
				GCC_VERSION = com.apple.compilers.llvm.clang.1_0;
				GCC_WARN_ABOUT_RETURN_TYPE = YES;
				GCC_WARN_UNINITIALIZED_AUTOS = YES;
				GCC_WARN_UNUSED_VARIABLE = YES;
				IPHONEOS_DEPLOYMENT_TARGET = 5.1;
				SDKROOT = iphoneos;
			};
			name = Debug;
		};
		465EB95815B9852600A4C9D6 /* Release */ = {
			isa = XCBuildConfiguration;
			buildSettings = {
				ALWAYS_SEARCH_USER_PATHS = NO;
				ARCHS = "$(ARCHS_STANDARD_32_BIT)";
				CLANG_ENABLE_OBJC_ARC = YES;
				"CODE_SIGN_IDENTITY[sdk=iphoneos*]" = "iPhone Developer";
				COPY_PHASE_STRIP = YES;
				GCC_C_LANGUAGE_STANDARD = gnu99;
				GCC_VERSION = com.apple.compilers.llvm.clang.1_0;
				GCC_WARN_ABOUT_RETURN_TYPE = YES;
				GCC_WARN_UNINITIALIZED_AUTOS = YES;
				GCC_WARN_UNUSED_VARIABLE = YES;
				IPHONEOS_DEPLOYMENT_TARGET = 5.1;
				OTHER_CFLAGS = "-DNS_BLOCK_ASSERTIONS=1";
				SDKROOT = iphoneos;
				VALIDATE_PRODUCT = YES;
			};
			name = Release;
		};
		465EB95A15B9852600A4C9D6 /* Debug */ = {
			isa = XCBuildConfiguration;
			buildSettings = {
				GCC_PRECOMPILE_PREFIX_HEADER = YES;
				GCC_PREFIX_HEADER = "TFBrowser/TFBrowser-Prefix.pch";
				INFOPLIST_FILE = "TFBrowser/TFBrowser-Info.plist";
				PRODUCT_NAME = "$(TARGET_NAME)";
				WRAPPER_EXTENSION = app;
			};
			name = Debug;
		};
		465EB95B15B9852600A4C9D6 /* Release */ = {
			isa = XCBuildConfiguration;
			buildSettings = {
				GCC_PRECOMPILE_PREFIX_HEADER = YES;
				GCC_PREFIX_HEADER = "TFBrowser/TFBrowser-Prefix.pch";
				INFOPLIST_FILE = "TFBrowser/TFBrowser-Info.plist";
				PRODUCT_NAME = "$(TARGET_NAME)";
				WRAPPER_EXTENSION = app;
			};
			name = Release;
		};
/* End XCBuildConfiguration section */

/* Begin XCConfigurationList section */
		465EB93B15B9852600A4C9D6 /* Build configuration list for PBXProject "TFBrowser" */ = {
			isa = XCConfigurationList;
			buildConfigurations = (
				465EB95715B9852600A4C9D6 /* Debug */,
				465EB95815B9852600A4C9D6 /* Release */,
			);
			defaultConfigurationIsVisible = 0;
			defaultConfigurationName = Release;
		};
		465EB95915B9852600A4C9D6 /* Build configuration list for PBXNativeTarget "TFBrowser" */ = {
			isa = XCConfigurationList;
			buildConfigurations = (
				465EB95A15B9852600A4C9D6 /* Debug */,
				465EB95B15B9852600A4C9D6 /* Release */,
			);
			defaultConfigurationIsVisible = 0;
			defaultConfigurationName = Release;
		};
/* End XCConfigurationList section */
	};
	rootObject = 465EB93815B9852600A4C9D6 /* Project object */;
}
